
Microsoft Visual Studio Solution File, Format Version 12.00
# Visual Studio Version 17
VisualStudioVersion = 17.14.36414.22 d17.14
MinimumVisualStudioVersion = 10.0.40219.1
Project("{FAE04EC0-301F-11D3-BF4B-00C04F79EFBC}") = "Proyecto1", "Proyecto1\Proyecto1.csproj", "{885FB3AC-5E4E-4732-9327-A0C97D0CF46C}"
EndProject
Global
	GlobalSection(SolutionConfigurationPlatforms) = preSolution
		Debug|Any CPU = Debug|Any CPU
		Release|Any CPU = Release|Any CPU
	EndGlobalSection
	GlobalSection(ProjectConfigurationPlatforms) = postSolution
		{885FB3AC-5E4E-4732-9327-A0C97D0CF46C}.Debug|Any CPU.ActiveCfg = Debug|Any CPU
		{885FB3AC-5E4E-4732-9327-A0C97D0CF46C}.Debug|Any CPU.Build.0 = Debug|Any CPU
		{885FB3AC-5E4E-4732-9327-A0C97D0CF46C}.Release|Any CPU.ActiveCfg = Release|Any CPU
		{885FB3AC-5E4E-4732-9327-A0C97D0CF46C}.Release|Any CPU.Build.0 = Release|Any CPU
	EndGlobalSection
	GlobalSection(SolutionProperties) = preSolution
		HideSolutionNode = FALSE
	EndGlobalSection
	GlobalSection(ExtensibilityGlobals) = postSolution
		SolutionGuid = {6D566701-5CEE-4CB9-BDD3-21A37F20C9B1}
	EndGlobalSection
EndGlobal
