
Microsoft Visual Studio Solution File, Format Version 12.00
# Visual Studio Version 17
VisualStudioVersion = 17.14.36414.22 d17.14
MinimumVisualStudioVersion = 10.0.40219.1
Project("{FAE04EC0-301F-11D3-BF4B-00C04F79EFBC}") = "Proyecto3", "Proyecto3\Proyecto3.csproj", "{66BF04C5-B7BA-4B17-A8A0-8BE4DDD66E01}"
EndProject
Global
	GlobalSection(SolutionConfigurationPlatforms) = preSolution
		Debug|Any CPU = Debug|Any CPU
		Release|Any CPU = Release|Any CPU
	EndGlobalSection
	GlobalSection(ProjectConfigurationPlatforms) = postSolution
		{66BF04C5-B7BA-4B17-A8A0-8BE4DDD66E01}.Debug|Any CPU.ActiveCfg = Debug|Any CPU
		{66BF04C5-B7BA-4B17-A8A0-8BE4DDD66E01}.Debug|Any CPU.Build.0 = Debug|Any CPU
		{66BF04C5-B7BA-4B17-A8A0-8BE4DDD66E01}.Release|Any CPU.ActiveCfg = Release|Any CPU
		{66BF04C5-B7BA-4B17-A8A0-8BE4DDD66E01}.Release|Any CPU.Build.0 = Release|Any CPU
	EndGlobalSection
	GlobalSection(SolutionProperties) = preSolution
		HideSolutionNode = FALSE
	EndGlobalSection
	GlobalSection(ExtensibilityGlobals) = postSolution
		SolutionGuid = {C7F68B11-247B-478C-B50E-4D272C9764A3}
	EndGlobalSection
EndGlobal
